
Microsoft Visual Studio Solution File, Format Version 12.00
# Visual Studio Version 17
VisualStudioVersion = 17.11.35312.102
MinimumVisualStudioVersion = 10.0.40219.1
Project("{FAE04EC0-301F-11D3-BF4B-00C04F79EFBC}") = "Puerco_Boxing_Backend", "Puerco_Boxing_Backend.csproj", "{508B0C66-F1EE-44EF-84E6-54C5815AD332}"
EndProject
Global
	GlobalSection(SolutionConfigurationPlatforms) = preSolution
		Debug|Any CPU = Debug|Any CPU
		Release|Any CPU = Release|Any CPU
	EndGlobalSection
	GlobalSection(ProjectConfigurationPlatforms) = postSolution
		{508B0C66-F1EE-44EF-84E6-54C5815AD332}.Debug|Any CPU.ActiveCfg = Debug|Any CPU
		{508B0C66-F1EE-44EF-84E6-54C5815AD332}.Debug|Any CPU.Build.0 = Debug|Any CPU
		{508B0C66-F1EE-44EF-84E6-54C5815AD332}.Release|Any CPU.ActiveCfg = Release|Any CPU
		{508B0C66-F1EE-44EF-84E6-54C5815AD332}.Release|Any CPU.Build.0 = Release|Any CPU
	EndGlobalSection
	GlobalSection(SolutionProperties) = preSolution
		HideSolutionNode = FALSE
	EndGlobalSection
	GlobalSection(ExtensibilityGlobals) = postSolution
		SolutionGuid = {5B1463DA-71DA-4F2E-913D-8E80867CC82E}
	EndGlobalSection
EndGlobal
